
Microsoft Visual Studio Solution File, Format Version 12.00
# Visual Studio Version 16
VisualStudioVersion = 16.0.29519.87
MinimumVisualStudioVersion = 10.0.40219.1
Project("{9A19103F-16F7-4668-BE54-9A1E7A4F7556}") = "ColorExplorer", "ColorExplorer\ColorExplorer.csproj", "{3BB47F9B-3920-4598-97D0-5C91EBF2B093}"
EndProject
Global
	GlobalSection(SolutionConfigurationPlatforms) = preSolution
		Debug|Any CPU = Debug|Any CPU
		Release|Any CPU = Release|Any CPU
	EndGlobalSection
	GlobalSection(ProjectConfigurationPlatforms) = postSolution
		{3BB47F9B-3920-4598-97D0-5C91EBF2B093}.Debug|Any CPU.ActiveCfg = Debug|Any CPU
		{3BB47F9B-3920-4598-97D0-5C91EBF2B093}.Debug|Any CPU.Build.0 = Debug|Any CPU
		{3BB47F9B-3920-4598-97D0-5C91EBF2B093}.Release|Any CPU.ActiveCfg = Release|Any CPU
		{3BB47F9B-3920-4598-97D0-5C91EBF2B093}.Release|Any CPU.Build.0 = Release|Any CPU
	EndGlobalSection
	GlobalSection(SolutionProperties) = preSolution
		HideSolutionNode = FALSE
	EndGlobalSection
	GlobalSection(ExtensibilityGlobals) = postSolution
		SolutionGuid = {0855DFED-3D9E-45D3-855C-94CFA1E543FE}
	EndGlobalSection
EndGlobal
